
Microsoft Visual Studio Solution File, Format Version 12.00
# Visual Studio 15
VisualStudioVersion = 15.0.27428.2027
MinimumVisualStudioVersion = 10.0.40219.1
Project("{FAE04EC0-301F-11D3-BF4B-00C04F79EFBC}") = "Klausur SS17 A3", "Klausur SS17 A3\Klausur SS17 A3.csproj", "{4BCEAC85-4BF3-440E-8DCB-244738C0307D}"
EndProject
Global
	GlobalSection(SolutionConfigurationPlatforms) = preSolution
		Debug|Any CPU = Debug|Any CPU
		Release|Any CPU = Release|Any CPU
	EndGlobalSection
	GlobalSection(ProjectConfigurationPlatforms) = postSolution
		{4BCEAC85-4BF3-440E-8DCB-244738C0307D}.Debug|Any CPU.ActiveCfg = Debug|Any CPU
		{4BCEAC85-4BF3-440E-8DCB-244738C0307D}.Debug|Any CPU.Build.0 = Debug|Any CPU
		{4BCEAC85-4BF3-440E-8DCB-244738C0307D}.Release|Any CPU.ActiveCfg = Release|Any CPU
		{4BCEAC85-4BF3-440E-8DCB-244738C0307D}.Release|Any CPU.Build.0 = Release|Any CPU
	EndGlobalSection
	GlobalSection(SolutionProperties) = preSolution
		HideSolutionNode = FALSE
	EndGlobalSection
	GlobalSection(ExtensibilityGlobals) = postSolution
		SolutionGuid = {83829A09-BE65-48EC-8285-EFE25C0EA27F}
	EndGlobalSection
EndGlobal
